Microsoft Visual Studio Solution File, Format Version 11.00
# Visual Studio 2008

Project("{8999664C-36D3-1DA3-A7AF-7B42FF044D2F}") = "TestArea_V1", "Assembly-CSharp-firstpass.csproj", "{4D1A52A0-E530-3F88-1E92-B123E9977E0A}"
EndProject
Project("{8999664C-36D3-1DA3-A7AF-7B42FF044D2F}") = "TestArea_V1", "Assembly-CSharp.csproj", "{64CB2202-D3F8-97C7-29E0-2C3ABB801E42}"
EndProject
Project("{8999664C-36D3-1DA3-A7AF-7B42FF044D2F}") = "TestArea_V1", "Assembly-CSharp-Editor.csproj", "{23CD77BD-3F88-BFE0-0912-5D73C81BD821}"
EndProject
Project("{8999664C-36D3-1DA3-A7AF-7B42FF044D2F}") = "TestArea_V1", "Assembly-UnityScript-firstpass.unityproj", "{1D5437FE-6AB4-68CB-652F-CEA019DA162D}"
EndProject
Global
	GlobalSection(SolutionConfigurationPlatforms) = preSolution
		Debug|Any CPU = Debug|Any CPU
		Release|Any CPU = Release|Any CPU
	EndGlobalSection
	GlobalSection(ProjectConfigurationPlatforms) = postSolution
		{4D1A52A0-E530-3F88-1E92-B123E9977E0A}.Debug|Any CPU.ActiveCfg = Debug|Any CPU
		{4D1A52A0-E530-3F88-1E92-B123E9977E0A}.Debug|Any CPU.Build.0 = Debug|Any CPU
		{4D1A52A0-E530-3F88-1E92-B123E9977E0A}.Release|Any CPU.ActiveCfg = Release|Any CPU
		{4D1A52A0-E530-3F88-1E92-B123E9977E0A}.Release|Any CPU.Build.0 = Release|Any CPU
		{64CB2202-D3F8-97C7-29E0-2C3ABB801E42}.Debug|Any CPU.ActiveCfg = Debug|Any CPU
		{64CB2202-D3F8-97C7-29E0-2C3ABB801E42}.Debug|Any CPU.Build.0 = Debug|Any CPU
		{64CB2202-D3F8-97C7-29E0-2C3ABB801E42}.Release|Any CPU.ActiveCfg = Release|Any CPU
		{64CB2202-D3F8-97C7-29E0-2C3ABB801E42}.Release|Any CPU.Build.0 = Release|Any CPU
		{23CD77BD-3F88-BFE0-0912-5D73C81BD821}.Debug|Any CPU.ActiveCfg = Debug|Any CPU
		{23CD77BD-3F88-BFE0-0912-5D73C81BD821}.Debug|Any CPU.Build.0 = Debug|Any CPU
		{23CD77BD-3F88-BFE0-0912-5D73C81BD821}.Release|Any CPU.ActiveCfg = Release|Any CPU
		{23CD77BD-3F88-BFE0-0912-5D73C81BD821}.Release|Any CPU.Build.0 = Release|Any CPU
		{1D5437FE-6AB4-68CB-652F-CEA019DA162D}.Debug|Any CPU.ActiveCfg = Debug|Any CPU
		{1D5437FE-6AB4-68CB-652F-CEA019DA162D}.Debug|Any CPU.Build.0 = Debug|Any CPU
		{1D5437FE-6AB4-68CB-652F-CEA019DA162D}.Release|Any CPU.ActiveCfg = Release|Any CPU
		{1D5437FE-6AB4-68CB-652F-CEA019DA162D}.Release|Any CPU.Build.0 = Release|Any CPU
	EndGlobalSection
	GlobalSection(SolutionProperties) = preSolution
		HideSolutionNode = FALSE
	EndGlobalSection
																																																																																																																																																																															GlobalSection(MonoDevelopProperties) = preSolution
		StartupItem = Assembly-CSharp.csproj
		Policies = $0
		$0.TextStylePolicy = $1
		$1.inheritsSet = null
		$1.scope = text/x-csharp
		$0.CSharpFormattingPolicy = $2
		$2.inheritsSet = Mono
		$2.inheritsScope = text/x-csharp
		$2.scope = text/x-csharp
		$0.TextStylePolicy = $3
		$3.FileWidth = 120
		$3.TabWidth = 4
		$3.EolMarker = Unix
		$3.inheritsSet = Mono
		$3.inheritsScope = text/plain
		$3.scope = text/plain
	EndGlobalSection

EndGlobal
